<Solution>
  <Folder Name="/.environment/">
    <File Path=".editorconfig" />
    <File Path=".gitignore" />
    <File Path=".config/dotnet-tools.json" />
    <File Path="global.json" />
    <File Path="Directory.Build.props" />
    <File Path="Directory.Build.targets" />
    <File Path="README.md" />
  </Folder>
  <Folder Name="/Build/">
    <File Path="build.fsx" />
  </Folder>
  <Folder Name="/src/">
    <Project Path="src/QuestPDF.FSharp/QuestPDF.FSharp.fsproj" />
  </Folder>
  <Folder Name="/tests/">
    <Project Path="tests/QuestPDF.FSharp.Tests/QuestPDF.FSharp.Tests.fsproj" />
  </Folder>
  <Folder Name="/docs/">
    <File Path="docs/index.md" />
  </Folder>
</Solution>
